// !$*UTF8*$!
{
	archiveVersion = 1;
	classes = {
	};
	objectVersion = 55;
	objects = {

/* Begin PBXBuildFile section */
		A8376B6D29E6BEC000891F44 /* Uber_SwiftUIApp.swift in Sources */ = {isa = PBXBuildFile; fileRef = A8376B5D29E6BEBE00891F44 /* Uber_SwiftUIApp.swift */; };
		A8376B6E29E6BEC000891F44 /* Uber_SwiftUIApp.swift in Sources */ = {isa = PBXBuildFile; fileRef = A8376B5D29E6BEBE00891F44 /* Uber_SwiftUIApp.swift */; };
		A8376B7129E6BEC000891F44 /* Assets.xcassets in Resources */ = {isa = PBXBuildFile; fileRef = A8376B5F29E6BEC000891F44 /* Assets.xcassets */; };
		A8376B7229E6BEC000891F44 /* Assets.xcassets in Resources */ = {isa = PBXBuildFile; fileRef = A8376B5F29E6BEC000891F44 /* Assets.xcassets */; };
		A8376B7F29E6BF0700891F44 /* UberHomeView.swift in Sources */ = {isa = PBXBuildFile; fileRef = A8376B7E29E6BF0700891F44 /* UberHomeView.swift */; };
		A8376B8129E6BF2B00891F44 /* UserHomeActionView.swift in Sources */ = {isa = PBXBuildFile; fileRef = A8376B8029E6BF2B00891F44 /* UserHomeActionView.swift */; };
		A8376B8429E6BF7A00891F44 /* LocationManager.swift in Sources */ = {isa = PBXBuildFile; fileRef = A8376B8329E6BF7A00891F44 /* LocationManager.swift */; };
		A8376B8829E6BFB000891F44 /* LocationSearchActivationView.swift in Sources */ = {isa = PBXBuildFile; fileRef = A8376B8729E6BFB000891F44 /* LocationSearchActivationView.swift */; };
		A8376B8D29E6BFF300891F44 /* LocationSearchView.swift in Sources */ = {isa = PBXBuildFile; fileRef = A8376B8C29E6BFF300891F44 /* LocationSearchView.swift */; };
		A8376B8F29E6C01700891F44 /* LocationSearchViewModel.swift in Sources */ = {isa = PBXBuildFile; fileRef = A8376B8E29E6C01700891F44 /* LocationSearchViewModel.swift */; };
		A8376B9329E6C04400891F44 /* LocationSearchResultView.swift in Sources */ = {isa = PBXBuildFile; fileRef = A8376B9229E6C04400891F44 /* LocationSearchResultView.swift */; };
		A8376B9629E6C07A00891F44 /* MapStates.swift in Sources */ = {isa = PBXBuildFile; fileRef = A8376B9529E6C07A00891F44 /* MapStates.swift */; };
		A8376B9829E6C08E00891F44 /* Theme.swift in Sources */ = {isa = PBXBuildFile; fileRef = A8376B9729E6C08E00891F44 /* Theme.swift */; };
		A8376B9C29E6C0B600891F44 /* TripView.swift in Sources */ = {isa = PBXBuildFile; fileRef = A8376B9B29E6C0B600891F44 /* TripView.swift */; };
		A8376B9F29E6C10700891F44 /* UberMapRepresentable.swift in Sources */ = {isa = PBXBuildFile; fileRef = A8376B9E29E6C10700891F44 /* UberMapRepresentable.swift */; };
/* End PBXBuildFile section */

/* Begin PBXFileReference section */
		A8376B5D29E6BEBE00891F44 /* Uber_SwiftUIApp.swift */ = {isa = PBXFileReference; lastKnownFileType = sourcecode.swift; path = Uber_SwiftUIApp.swift; sourceTree = "<group>"; };
		A8376B5F29E6BEC000891F44 /* Assets.xcassets */ = {isa = PBXFileReference; lastKnownFileType = folder.assetcatalog; path = Assets.xcassets; sourceTree = "<group>"; };
		A8376B6429E6BEC000891F44 /* Uber-SwiftUI.app */ = {isa = PBXFileReference; explicitFileType = wrapper.application; includeInIndex = 0; path = "Uber-SwiftUI.app"; sourceTree = BUILT_PRODUCTS_DIR; };
		A8376B6A29E6BEC000891F44 /* Uber-SwiftUI.app */ = {isa = PBXFileReference; explicitFileType = wrapper.application; includeInIndex = 0; path = "Uber-SwiftUI.app"; sourceTree = BUILT_PRODUCTS_DIR; };
		A8376B7E29E6BF0700891F44 /* UberHomeView.swift */ = {isa = PBXFileReference; lastKnownFileType = sourcecode.swift; path = UberHomeView.swift; sourceTree = "<group>"; };
		A8376B8029E6BF2B00891F44 /* UserHomeActionView.swift */ = {isa = PBXFileReference; lastKnownFileType = sourcecode.swift; path = UserHomeActionView.swift; sourceTree = "<group>"; };
		A8376B8329E6BF7A00891F44 /* LocationManager.swift */ = {isa = PBXFileReference; lastKnownFileType = sourcecode.swift; path = LocationManager.swift; sourceTree = "<group>"; };
		A8376B8729E6BFB000891F44 /* LocationSearchActivationView.swift */ = {isa = PBXFileReference; lastKnownFileType = sourcecode.swift; path = LocationSearchActivationView.swift; sourceTree = "<group>"; };
		A8376B8C29E6BFF300891F44 /* LocationSearchView.swift */ = {isa = PBXFileReference; lastKnownFileType = sourcecode.swift; path = LocationSearchView.swift; sourceTree = "<group>"; };
		A8376B8E29E6C01700891F44 /* LocationSearchViewModel.swift */ = {isa = PBXFileReference; lastKnownFileType = sourcecode.swift; path = LocationSearchViewModel.swift; sourceTree = "<group>"; };
		A8376B9229E6C04400891F44 /* LocationSearchResultView.swift */ = {isa = PBXFileReference; lastKnownFileType = sourcecode.swift; path = LocationSearchResultView.swift; sourceTree = "<group>"; };
		A8376B9529E6C07A00891F44 /* MapStates.swift */ = {isa = PBXFileReference; lastKnownFileType = sourcecode.swift; path = MapStates.swift; sourceTree = "<group>"; };
		A8376B9729E6C08E00891F44 /* Theme.swift */ = {isa = PBXFileReference; lastKnownFileType = sourcecode.swift; path = Theme.swift; sourceTree = "<group>"; };
		A8376B9B29E6C0B600891F44 /* TripView.swift */ = {isa = PBXFileReference; lastKnownFileType = sourcecode.swift; path = TripView.swift; sourceTree = "<group>"; };
		A8376B9E29E6C10700891F44 /* UberMapRepresentable.swift */ = {isa = PBXFileReference; lastKnownFileType = sourcecode.swift; path = UberMapRepresentable.swift; sourceTree = "<group>"; };
		A8376BA229E6C29E00891F44 /* Uber-SwiftUI--iOS--Info.plist */ = {isa = PBXFileReference; lastKnownFileType = text.plist; path = "Uber-SwiftUI--iOS--Info.plist"; sourceTree = "<group>"; };
/* End PBXFileReference section */

/* Begin PBXFrameworksBuildPhase section */
		A8376B6129E6BEC000891F44 /* Frameworks */ = {
			isa = PBXFrameworksBuildPhase;
			buildActionMask = 2147483647;
			files = (
			);
			runOnlyForDeploymentPostprocessing = 0;
		};
		A8376B6729E6BEC000891F44 /* Frameworks */ = {
			isa = PBXFrameworksBuildPhase;
			buildActionMask = 2147483647;
			files = (
			);
			runOnlyForDeploymentPostprocessing = 0;
		};
/* End PBXFrameworksBuildPhase section */

/* Begin PBXGroup section */
		A8376B5729E6BEBE00891F44 = {
			isa = PBXGroup;
			children = (
				A8376BA229E6C29E00891F44 /* Uber-SwiftUI--iOS--Info.plist */,
				A8376BA029E6C12700891F44 /* Source */,
				A8376B5C29E6BEBE00891F44 /* Shared */,
				A8376B6529E6BEC000891F44 /* Products */,
			);
			sourceTree = "<group>";
		};
		A8376B5C29E6BEBE00891F44 /* Shared */ = {
			isa = PBXGroup;
			children = (
				A8376B9429E6C06C00891F44 /* SupportingFiles */,
				A8376B8229E6BF6E00891F44 /* Manager */,
				A8376B5D29E6BEBE00891F44 /* Uber_SwiftUIApp.swift */,
				A8376B5F29E6BEC000891F44 /* Assets.xcassets */,
			);
			path = Shared;
			sourceTree = "<group>";
		};
		A8376B6529E6BEC000891F44 /* Products */ = {
			isa = PBXGroup;
			children = (
				A8376B6429E6BEC000891F44 /* Uber-SwiftUI.app */,
				A8376B6A29E6BEC000891F44 /* Uber-SwiftUI.app */,
			);
			name = Products;
			sourceTree = "<group>";
		};
		A8376B7B29E6BEE300891F44 /* Home */ = {
			isa = PBXGroup;
			children = (
				A8376B7C29E6BEED00891F44 /* View */,
			);
			path = Home;
			sourceTree = "<group>";
		};
		A8376B7C29E6BEED00891F44 /* View */ = {
			isa = PBXGroup;
			children = (
				A8376B7E29E6BF0700891F44 /* UberHomeView.swift */,
				A8376B8029E6BF2B00891F44 /* UserHomeActionView.swift */,
			);
			path = View;
			sourceTree = "<group>";
		};
		A8376B8229E6BF6E00891F44 /* Manager */ = {
			isa = PBXGroup;
			children = (
				A8376B8329E6BF7A00891F44 /* LocationManager.swift */,
			);
			path = Manager;
			sourceTree = "<group>";
		};
		A8376B8529E6BF9C00891F44 /* LocationSearchActivation */ = {
			isa = PBXGroup;
			children = (
				A8376B8629E6BFA000891F44 /* View */,
			);
			path = LocationSearchActivation;
			sourceTree = "<group>";
		};
		A8376B8629E6BFA000891F44 /* View */ = {
			isa = PBXGroup;
			children = (
				A8376B8729E6BFB000891F44 /* LocationSearchActivationView.swift */,
			);
			path = View;
			sourceTree = "<group>";
		};
		A8376B8929E6BFD200891F44 /* LocationSearchView */ = {
			isa = PBXGroup;
			children = (
				A8376B8B29E6BFDC00891F44 /* ViewModel */,
				A8376B8A29E6BFD600891F44 /* View */,
			);
			path = LocationSearchView;
			sourceTree = "<group>";
		};
		A8376B8A29E6BFD600891F44 /* View */ = {
			isa = PBXGroup;
			children = (
				A8376B8C29E6BFF300891F44 /* LocationSearchView.swift */,
			);
			path = View;
			sourceTree = "<group>";
		};
		A8376B8B29E6BFDC00891F44 /* ViewModel */ = {
			isa = PBXGroup;
			children = (
				A8376B8E29E6C01700891F44 /* LocationSearchViewModel.swift */,
			);
			path = ViewModel;
			sourceTree = "<group>";
		};
		A8376B9029E6C03100891F44 /* LocationSearchResultView */ = {
			isa = PBXGroup;
			children = (
				A8376B9129E6C03500891F44 /* View */,
			);
			path = LocationSearchResultView;
			sourceTree = "<group>";
		};
		A8376B9129E6C03500891F44 /* View */ = {
			isa = PBXGroup;
			children = (
				A8376B9229E6C04400891F44 /* LocationSearchResultView.swift */,
			);
			path = View;
			sourceTree = "<group>";
		};
		A8376B9429E6C06C00891F44 /* SupportingFiles */ = {
			isa = PBXGroup;
			children = (
				A8376B9529E6C07A00891F44 /* MapStates.swift */,
				A8376B9729E6C08E00891F44 /* Theme.swift */,
			);
			path = SupportingFiles;
			sourceTree = "<group>";
		};
		A8376B9929E6C0A400891F44 /* Trip */ = {
			isa = PBXGroup;
			children = (
				A8376B9A29E6C0AB00891F44 /* View */,
			);
			path = Trip;
			sourceTree = "<group>";
		};
		A8376B9A29E6C0AB00891F44 /* View */ = {
			isa = PBXGroup;
			children = (
				A8376B9B29E6C0B600891F44 /* TripView.swift */,
			);
			path = View;
			sourceTree = "<group>";
		};
		A8376B9D29E6C0F500891F44 /* MapView */ = {
			isa = PBXGroup;
			children = (
				A8376B9E29E6C10700891F44 /* UberMapRepresentable.swift */,
			);
			path = MapView;
			sourceTree = "<group>";
		};
		A8376BA029E6C12700891F44 /* Source */ = {
			isa = PBXGroup;
			children = (
				A8376B7B29E6BEE300891F44 /* Home */,
				A8376B9929E6C0A400891F44 /* Trip */,
				A8376B9029E6C03100891F44 /* LocationSearchResultView */,
				A8376B8929E6BFD200891F44 /* LocationSearchView */,
				A8376B8529E6BF9C00891F44 /* LocationSearchActivation */,
				A8376B9D29E6C0F500891F44 /* MapView */,
			);
			path = Source;
			sourceTree = "<group>";
		};
/* End PBXGroup section */

/* Begin PBXNativeTarget section */
		A8376B6329E6BEC000891F44 /* Uber-SwiftUI (iOS) */ = {
			isa = PBXNativeTarget;
			buildConfigurationList = A8376B7529E6BEC000891F44 /* Build configuration list for PBXNativeTarget "Uber-SwiftUI (iOS)" */;
			buildPhases = (
				A8376B6029E6BEC000891F44 /* Sources */,
				A8376B6129E6BEC000891F44 /* Frameworks */,
				A8376B6229E6BEC000891F44 /* Resources */,
			);
			buildRules = (
			);
			dependencies = (
			);
			name = "Uber-SwiftUI (iOS)";
			productName = "Uber-SwiftUI (iOS)";
			productReference = A8376B6429E6BEC000891F44 /* Uber-SwiftUI.app */;
			productType = "com.apple.product-type.application";
		};
		A8376B6929E6BEC000891F44 /* Uber-SwiftUI (macOS) */ = {
			isa = PBXNativeTarget;
			buildConfigurationList = A8376B7829E6BEC000891F44 /* Build configuration list for PBXNativeTarget "Uber-SwiftUI (macOS)" */;
			buildPhases = (
				A8376B6629E6BEC000891F44 /* Sources */,
				A8376B6729E6BEC000891F44 /* Frameworks */,
				A8376B6829E6BEC000891F44 /* Resources */,
			);
			buildRules = (
			);
			dependencies = (
			);
			name = "Uber-SwiftUI (macOS)";
			productName = "Uber-SwiftUI (macOS)";
			productReference = A8376B6A29E6BEC000891F44 /* Uber-SwiftUI.app */;
			productType = "com.apple.product-type.application";
		};
/* End PBXNativeTarget section */

/* Begin PBXProject section */
		A8376B5829E6BEBE00891F44 /* Project object */ = {
			isa = PBXProject;
			attributes = {
				BuildIndependentTargetsInParallel = 1;
				LastSwiftUpdateCheck = 1340;
				LastUpgradeCheck = 1340;
				TargetAttributes = {
					A8376B6329E6BEC000891F44 = {
						CreatedOnToolsVersion = 13.4.1;
					};
					A8376B6929E6BEC000891F44 = {
						CreatedOnToolsVersion = 13.4.1;
					};
				};
			};
			buildConfigurationList = A8376B5B29E6BEBE00891F44 /* Build configuration list for PBXProject "Uber-SwiftUI" */;
			compatibilityVersion = "Xcode 13.0";
			developmentRegion = en;
			hasScannedForEncodings = 0;
			knownRegions = (
				en,
				Base,
			);
			mainGroup = A8376B5729E6BEBE00891F44;
			productRefGroup = A8376B6529E6BEC000891F44 /* Products */;
			projectDirPath = "";
			projectRoot = "";
			targets = (
				A8376B6329E6BEC000891F44 /* Uber-SwiftUI (iOS) */,
				A8376B6929E6BEC000891F44 /* Uber-SwiftUI (macOS) */,
			);
		};
/* End PBXProject section */

/* Begin PBXResourcesBuildPhase section */
		A8376B6229E6BEC000891F44 /* Resources */ = {
			isa = PBXResourcesBuildPhase;
			buildActionMask = 2147483647;
			files = (
				A8376B7129E6BEC000891F44 /* Assets.xcassets in Resources */,
			);
			runOnlyForDeploymentPostprocessing = 0;
		};
		A8376B6829E6BEC000891F44 /* Resources */ = {
			isa = PBXResourcesBuildPhase;
			buildActionMask = 2147483647;
			files = (
				A8376B7229E6BEC000891F44 /* Assets.xcassets in Resources */,
			);
			runOnlyForDeploymentPostprocessing = 0;
		};
/* End PBXResourcesBuildPhase section */

/* Begin PBXSourcesBuildPhase section */
		A8376B6029E6BEC000891F44 /* Sources */ = {
			isa = PBXSourcesBuildPhase;
			buildActionMask = 2147483647;
			files = (
				A8376B8D29E6BFF300891F44 /* LocationSearchView.swift in Sources */,
				A8376B8129E6BF2B00891F44 /* UserHomeActionView.swift in Sources */,
				A8376B9F29E6C10700891F44 /* UberMapRepresentable.swift in Sources */,
				A8376B9C29E6C0B600891F44 /* TripView.swift in Sources */,
				A8376B9329E6C04400891F44 /* LocationSearchResultView.swift in Sources */,
				A8376B9829E6C08E00891F44 /* Theme.swift in Sources */,
				A8376B8F29E6C01700891F44 /* LocationSearchViewModel.swift in Sources */,
				A8376B8429E6BF7A00891F44 /* LocationManager.swift in Sources */,
				A8376B6D29E6BEC000891F44 /* Uber_SwiftUIApp.swift in Sources */,
				A8376B7F29E6BF0700891F44 /* UberHomeView.swift in Sources */,
				A8376B9629E6C07A00891F44 /* MapStates.swift in Sources */,
				A8376B8829E6BFB000891F44 /* LocationSearchActivationView.swift in Sources */,
			);
			runOnlyForDeploymentPostprocessing = 0;
		};
		A8376B6629E6BEC000891F44 /* Sources */ = {
			isa = PBXSourcesBuildPhase;
			buildActionMask = 2147483647;
			files = (
				A8376B6E29E6BEC000891F44 /* Uber_SwiftUIApp.swift in Sources */,
			);
			runOnlyForDeploymentPostprocessing = 0;
		};
/* End PBXSourcesBuildPhase section */

/* Begin XCBuildConfiguration section */
		A8376B7329E6BEC000891F44 /* Debug */ = {
			isa = XCBuildConfiguration;
			buildSettings = {
				ALWAYS_SEARCH_USER_PATHS = NO;
				CLANG_ANALYZER_NONNULL = YES;
				CLANG_ANALYZER_NUMBER_OBJECT_CONVERSION = YES_AGGRESSIVE;
				CLANG_CXX_LANGUAGE_STANDARD = "gnu++17";
				CLANG_ENABLE_MODULES = YES;
				CLANG_ENABLE_OBJC_ARC = YES;
				CLANG_ENABLE_OBJC_WEAK = YES;
				CLANG_WARN_BLOCK_CAPTURE_AUTORELEASING = YES;
				CLANG_WARN_BOOL_CONVERSION = YES;
				CLANG_WARN_COMMA = YES;
				CLANG_WARN_CONSTANT_CONVERSION = YES;
				CLANG_WARN_DEPRECATED_OBJC_IMPLEMENTATIONS = YES;
				CLANG_WARN_DIRECT_OBJC_ISA_USAGE = YES_ERROR;
				CLANG_WARN_DOCUMENTATION_COMMENTS = YES;
				CLANG_WARN_EMPTY_BODY = YES;
				CLANG_WARN_ENUM_CONVERSION = YES;
				CLANG_WARN_INFINITE_RECURSION = YES;
				CLANG_WARN_INT_CONVERSION = YES;
				CLANG_WARN_NON_LITERAL_NULL_CONVERSION = YES;
				CLANG_WARN_OBJC_IMPLICIT_RETAIN_SELF = YES;
				CLANG_WARN_OBJC_LITERAL_CONVERSION = YES;
				CLANG_WARN_OBJC_ROOT_CLASS = YES_ERROR;
				CLANG_WARN_QUOTED_INCLUDE_IN_FRAMEWORK_HEADER = YES;
				CLANG_WARN_RANGE_LOOP_ANALYSIS = YES;
				CLANG_WARN_STRICT_PROTOTYPES = YES;
				CLANG_WARN_SUSPICIOUS_MOVE = YES;
				CLANG_WARN_UNGUARDED_AVAILABILITY = YES_AGGRESSIVE;
				CLANG_WARN_UNREACHABLE_CODE = YES;
				CLANG_WARN__DUPLICATE_METHOD_MATCH = YES;
				COPY_PHASE_STRIP = NO;
				DEBUG_INFORMATION_FORMAT = dwarf;
				ENABLE_STRICT_OBJC_MSGSEND = YES;
				ENABLE_TESTABILITY = YES;
				GCC_C_LANGUAGE_STANDARD = gnu11;
				GCC_DYNAMIC_NO_PIC = NO;
				GCC_NO_COMMON_BLOCKS = YES;
				GCC_OPTIMIZATION_LEVEL = 0;
				GCC_PREPROCESSOR_DEFINITIONS = (
					"DEBUG=1",
					"$(inherited)",
				);
				GCC_WARN_64_TO_32_BIT_CONVERSION = YES;
				GCC_WARN_ABOUT_RETURN_TYPE = YES_ERROR;
				GCC_WARN_UNDECLARED_SELECTOR = YES;
				GCC_WARN_UNINITIALIZED_AUTOS = YES_AGGRESSIVE;
				GCC_WARN_UNUSED_FUNCTION = YES;
				GCC_WARN_UNUSED_VARIABLE = YES;
				MTL_ENABLE_DEBUG_INFO = INCLUDE_SOURCE;
				MTL_FAST_MATH = YES;
				ONLY_ACTIVE_ARCH = YES;
				SWIFT_ACTIVE_COMPILATION_CONDITIONS = DEBUG;
				SWIFT_OPTIMIZATION_LEVEL = "-Onone";
			};
			name = Debug;
		};
		A8376B7429E6BEC000891F44 /* Release */ = {
			isa = XCBuildConfiguration;
			buildSettings = {
				ALWAYS_SEARCH_USER_PATHS = NO;
				CLANG_ANALYZER_NONNULL = YES;
				CLANG_ANALYZER_NUMBER_OBJECT_CONVERSION = YES_AGGRESSIVE;
				CLANG_CXX_LANGUAGE_STANDARD = "gnu++17";
				CLANG_ENABLE_MODULES = YES;
				CLANG_ENABLE_OBJC_ARC = YES;
				CLANG_ENABLE_OBJC_WEAK = YES;
				CLANG_WARN_BLOCK_CAPTURE_AUTORELEASING = YES;
				CLANG_WARN_BOOL_CONVERSION = YES;
				CLANG_WARN_COMMA = YES;
				CLANG_WARN_CONSTANT_CONVERSION = YES;
				CLANG_WARN_DEPRECATED_OBJC_IMPLEMENTATIONS = YES;
				CLANG_WARN_DIRECT_OBJC_ISA_USAGE = YES_ERROR;
				CLANG_WARN_DOCUMENTATION_COMMENTS = YES;
				CLANG_WARN_EMPTY_BODY = YES;
				CLANG_WARN_ENUM_CONVERSION = YES;
				CLANG_WARN_INFINITE_RECURSION = YES;
				CLANG_WARN_INT_CONVERSION = YES;
				CLANG_WARN_NON_LITERAL_NULL_CONVERSION = YES;
				CLANG_WARN_OBJC_IMPLICIT_RETAIN_SELF = YES;
				CLANG_WARN_OBJC_LITERAL_CONVERSION = YES;
				CLANG_WARN_OBJC_ROOT_CLASS = YES_ERROR;
				CLANG_WARN_QUOTED_INCLUDE_IN_FRAMEWORK_HEADER = YES;
				CLANG_WARN_RANGE_LOOP_ANALYSIS = YES;
				CLANG_WARN_STRICT_PROTOTYPES = YES;
				CLANG_WARN_SUSPICIOUS_MOVE = YES;
				CLANG_WARN_UNGUARDED_AVAILABILITY = YES_AGGRESSIVE;
				CLANG_WARN_UNREACHABLE_CODE = YES;
				CLANG_WARN__DUPLICATE_METHOD_MATCH = YES;
				COPY_PHASE_STRIP = NO;
				DEBUG_INFORMATION_FORMAT = "dwarf-with-dsym";
				ENABLE_NS_ASSERTIONS = NO;
				ENABLE_STRICT_OBJC_MSGSEND = YES;
				GCC_C_LANGUAGE_STANDARD = gnu11;
				GCC_NO_COMMON_BLOCKS = YES;
				GCC_WARN_64_TO_32_BIT_CONVERSION = YES;
				GCC_WARN_ABOUT_RETURN_TYPE = YES_ERROR;
				GCC_WARN_UNDECLARED_SELECTOR = YES;
				GCC_WARN_UNINITIALIZED_AUTOS = YES_AGGRESSIVE;
				GCC_WARN_UNUSED_FUNCTION = YES;
				GCC_WARN_UNUSED_VARIABLE = YES;
				MTL_ENABLE_DEBUG_INFO = NO;
				MTL_FAST_MATH = YES;
				SWIFT_COMPILATION_MODE = wholemodule;
				SWIFT_OPTIMIZATION_LEVEL = "-O";
			};
			name = Release;
		};
		A8376B7629E6BEC000891F44 /* Debug */ = {
			isa = XCBuildConfiguration;
			buildSettings = {
				ASSETCATALOG_COMPILER_APPICON_NAME = AppIcon;
				ASSETCATALOG_COMPILER_GLOBAL_ACCENT_COLOR_NAME = AccentColor;
				"CODE_SIGN_IDENTITY[sdk=macosx*]" = "-";
				CODE_SIGN_STYLE = Automatic;
				CURRENT_PROJECT_VERSION = 1;
				ENABLE_PREVIEWS = YES;
				GENERATE_INFOPLIST_FILE = YES;
				INFOPLIST_FILE = "Uber-SwiftUI--iOS--Info.plist";
				INFOPLIST_KEY_NSLocationAlwaysAndWhenInUseUsageDescription = "For current location to find rides";
				INFOPLIST_KEY_NSLocationWhenInUseUsageDescription = "For current location to find rides";
				INFOPLIST_KEY_UIApplicationSceneManifest_Generation = YES;
				INFOPLIST_KEY_UIApplicationSupportsIndirectInputEvents = YES;
				INFOPLIST_KEY_UILaunchScreen_Generation = YES;
				INFOPLIST_KEY_UISupportedInterfaceOrientations_iPad = "UIInterfaceOrientationPortrait UIInterfaceOrientationPortraitUpsideDown UIInterfaceOrientationLandscapeLeft UIInterfaceOrientationLandscapeRight";
				INFOPLIST_KEY_UISupportedInterfaceOrientations_iPhone = "UIInterfaceOrientationPortrait UIInterfaceOrientationLandscapeLeft UIInterfaceOrientationLandscapeRight";
				IPHONEOS_DEPLOYMENT_TARGET = 15.5;
				LD_RUNPATH_SEARCH_PATHS = (
					"$(inherited)",
					"@executable_path/Frameworks",
				);
				MARKETING_VERSION = 1.0;
				PRODUCT_BUNDLE_IDENTIFIER = "com.bhoopendra.Uber-SwiftUI";
				PRODUCT_NAME = "Uber-SwiftUI";
				SDKROOT = iphoneos;
				SUPPORTS_MACCATALYST = NO;
				SWIFT_EMIT_LOC_STRINGS = YES;
				SWIFT_VERSION = 5.0;
				TARGETED_DEVICE_FAMILY = "1,2";
			};
			name = Debug;
		};
		A8376B7729E6BEC000891F44 /* Release */ = {
			isa = XCBuildConfiguration;
			buildSettings = {
				ASSETCATALOG_COMPILER_APPICON_NAME = AppIcon;
				ASSETCATALOG_COMPILER_GLOBAL_ACCENT_COLOR_NAME = AccentColor;
				"CODE_SIGN_IDENTITY[sdk=macosx*]" = "-";
				CODE_SIGN_STYLE = Automatic;
				CURRENT_PROJECT_VERSION = 1;
				ENABLE_PREVIEWS = YES;
				GENERATE_INFOPLIST_FILE = YES;
				INFOPLIST_FILE = "Uber-SwiftUI--iOS--Info.plist";
				INFOPLIST_KEY_NSLocationAlwaysAndWhenInUseUsageDescription = "For current location to find rides";
				INFOPLIST_KEY_NSLocationWhenInUseUsageDescription = "For current location to find rides";
				INFOPLIST_KEY_UIApplicationSceneManifest_Generation = YES;
				INFOPLIST_KEY_UIApplicationSupportsIndirectInputEvents = YES;
				INFOPLIST_KEY_UILaunchScreen_Generation = YES;
				INFOPLIST_KEY_UISupportedInterfaceOrientations_iPad = "UIInterfaceOrientationPortrait UIInterfaceOrientationPortraitUpsideDown UIInterfaceOrientationLandscapeLeft UIInterfaceOrientationLandscapeRight";
				INFOPLIST_KEY_UISupportedInterfaceOrientations_iPhone = "UIInterfaceOrientationPortrait UIInterfaceOrientationLandscapeLeft UIInterfaceOrientationLandscapeRight";
				IPHONEOS_DEPLOYMENT_TARGET = 15.5;
				LD_RUNPATH_SEARCH_PATHS = (
					"$(inherited)",
					"@executable_path/Frameworks",
				);
				MARKETING_VERSION = 1.0;
				PRODUCT_BUNDLE_IDENTIFIER = "com.bhoopendra.Uber-SwiftUI";
				PRODUCT_NAME = "Uber-SwiftUI";
				SDKROOT = iphoneos;
				SUPPORTS_MACCATALYST = NO;
				SWIFT_EMIT_LOC_STRINGS = YES;
				SWIFT_VERSION = 5.0;
				TARGETED_DEVICE_FAMILY = "1,2";
				VALIDATE_PRODUCT = YES;
			};
			name = Release;
		};
		A8376B7929E6BEC000891F44 /* Debug */ = {
			isa = XCBuildConfiguration;
			buildSettings = {
				ASSETCATALOG_COMPILER_APPICON_NAME = AppIcon;
				ASSETCATALOG_COMPILER_GLOBAL_ACCENT_COLOR_NAME = AccentColor;
				CODE_SIGN_ENTITLEMENTS = macOS/macOS.entitlements;
				CODE_SIGN_STYLE = Automatic;
				COMBINE_HIDPI_IMAGES = YES;
				CURRENT_PROJECT_VERSION = 1;
				ENABLE_PREVIEWS = YES;
				GENERATE_INFOPLIST_FILE = YES;
				INFOPLIST_KEY_NSHumanReadableCopyright = "";
				LD_RUNPATH_SEARCH_PATHS = (
					"$(inherited)",
					"@executable_path/../Frameworks",
				);
				MACOSX_DEPLOYMENT_TARGET = 12.3;
				MARKETING_VERSION = 1.0;
				PRODUCT_BUNDLE_IDENTIFIER = "com.bhoopendra.Uber-SwiftUI";
				PRODUCT_NAME = "Uber-SwiftUI";
				SDKROOT = macosx;
				SWIFT_EMIT_LOC_STRINGS = YES;
				SWIFT_VERSION = 5.0;
			};
			name = Debug;
		};
		A8376B7A29E6BEC000891F44 /* Release */ = {
			isa = XCBuildConfiguration;
			buildSettings = {
				ASSETCATALOG_COMPILER_APPICON_NAME = AppIcon;
				ASSETCATALOG_COMPILER_GLOBAL_ACCENT_COLOR_NAME = AccentColor;
				CODE_SIGN_ENTITLEMENTS = macOS/macOS.entitlements;
				CODE_SIGN_STYLE = Automatic;
				COMBINE_HIDPI_IMAGES = YES;
				CURRENT_PROJECT_VERSION = 1;
				ENABLE_PREVIEWS = YES;
				GENERATE_INFOPLIST_FILE = YES;
				INFOPLIST_KEY_NSHumanReadableCopyright = "";
				LD_RUNPATH_SEARCH_PATHS = (
					"$(inherited)",
					"@executable_path/../Frameworks",
				);
				MACOSX_DEPLOYMENT_TARGET = 12.3;
				MARKETING_VERSION = 1.0;
				PRODUCT_BUNDLE_IDENTIFIER = "com.bhoopendra.Uber-SwiftUI";
				PRODUCT_NAME = "Uber-SwiftUI";
				SDKROOT = macosx;
				SWIFT_EMIT_LOC_STRINGS = YES;
				SWIFT_VERSION = 5.0;
			};
			name = Release;
		};
/* End XCBuildConfiguration section */

/* Begin XCConfigurationList section */
		A8376B5B29E6BEBE00891F44 /* Build configuration list for PBXProject "Uber-SwiftUI" */ = {
			isa = XCConfigurationList;
			buildConfigurations = (
				A8376B7329E6BEC000891F44 /* Debug */,
				A8376B7429E6BEC000891F44 /* Release */,
			);
			defaultConfigurationIsVisible = 0;
			defaultConfigurationName = Release;
		};
		A8376B7529E6BEC000891F44 /* Build configuration list for PBXNativeTarget "Uber-SwiftUI (iOS)" */ = {
			isa = XCConfigurationList;
			buildConfigurations = (
				A8376B7629E6BEC000891F44 /* Debug */,
				A8376B7729E6BEC000891F44 /* Release */,
			);
			defaultConfigurationIsVisible = 0;
			defaultConfigurationName = Release;
		};
		A8376B7829E6BEC000891F44 /* Build configuration list for PBXNativeTarget "Uber-SwiftUI (macOS)" */ = {
			isa = XCConfigurationList;
			buildConfigurations = (
				A8376B7929E6BEC000891F44 /* Debug */,
				A8376B7A29E6BEC000891F44 /* Release */,
			);
			defaultConfigurationIsVisible = 0;
			defaultConfigurationName = Release;
		};
/* End XCConfigurationList section */
	};
	rootObject = A8376B5829E6BEBE00891F44 /* Project object */;
}
